
Microsoft Visual Studio Solution File, Format Version 12.00
# Visual Studio 15
VisualStudioVersion = 15.0.28010.2041
MinimumVisualStudioVersion = 10.0.40219.1
Project("{FAE04EC0-301F-11D3-BF4B-00C04F79EFBC}") = "MultiProjectTest", "MultiProjectTest\MultiProjectTest.csproj", "{44B01D7E-2A20-4CF4-B74A-5C402594D52A}"
EndProject
Project("{FAE04EC0-301F-11D3-BF4B-00C04F79EFBC}") = "MultiProjectTest.Tests", "MultiProjectTest.Tests\MultiProjectTest.Tests.csproj", "{0EEE8C43-A07C-4040-BB93-DAF47DE2BABC}"
EndProject
Project("{FAE04EC0-301F-11D3-BF4B-00C04F79EFBC}") = "HomeTownZoo.Core", "HomeTownZoo.Core\HomeTownZoo.Core.csproj", "{EDAC0B81-4689-4951-94C4-A711AC168942}"
EndProject
Global
	GlobalSection(SolutionConfigurationPlatforms) = preSolution
		Debug|Any CPU = Debug|Any CPU
		Release|Any CPU = Release|Any CPU
	EndGlobalSection
	GlobalSection(ProjectConfigurationPlatforms) = postSolution
		{44B01D7E-2A20-4CF4-B74A-5C402594D52A}.Debug|Any CPU.ActiveCfg = Debug|Any CPU
		{44B01D7E-2A20-4CF4-B74A-5C402594D52A}.Debug|Any CPU.Build.0 = Debug|Any CPU
		{44B01D7E-2A20-4CF4-B74A-5C402594D52A}.Release|Any CPU.ActiveCfg = Release|Any CPU
		{44B01D7E-2A20-4CF4-B74A-5C402594D52A}.Release|Any CPU.Build.0 = Release|Any CPU
		{0EEE8C43-A07C-4040-BB93-DAF47DE2BABC}.Debug|Any CPU.ActiveCfg = Debug|Any CPU
		{0EEE8C43-A07C-4040-BB93-DAF47DE2BABC}.Debug|Any CPU.Build.0 = Debug|Any CPU
		{0EEE8C43-A07C-4040-BB93-DAF47DE2BABC}.Release|Any CPU.ActiveCfg = Release|Any CPU
		{0EEE8C43-A07C-4040-BB93-DAF47DE2BABC}.Release|Any CPU.Build.0 = Release|Any CPU
		{EDAC0B81-4689-4951-94C4-A711AC168942}.Debug|Any CPU.ActiveCfg = Debug|Any CPU
		{EDAC0B81-4689-4951-94C4-A711AC168942}.Debug|Any CPU.Build.0 = Debug|Any CPU
		{EDAC0B81-4689-4951-94C4-A711AC168942}.Release|Any CPU.ActiveCfg = Release|Any CPU
		{EDAC0B81-4689-4951-94C4-A711AC168942}.Release|Any CPU.Build.0 = Release|Any CPU
	EndGlobalSection
	GlobalSection(SolutionProperties) = preSolution
		HideSolutionNode = FALSE
	EndGlobalSection
	GlobalSection(ExtensibilityGlobals) = postSolution
		SolutionGuid = {6B3EDF05-8CFD-4B9C-8725-8D781A67A718}
	EndGlobalSection
EndGlobal
